
Microsoft Visual Studio Solution File, Format Version 12.00
# Visual Studio Version 17
VisualStudioVersion = 17.8.34601.278
MinimumVisualStudioVersion = 10.0.40219.1
Project("{FAE04EC0-301F-11D3-BF4B-00C04F79EFBC}") = "ServerSideDataTableApplication", "ServerSideDataTableApplication\ServerSideDataTableApplication.csproj", "{0F0F3C69-19A8-4847-8065-F91198681329}"
EndProject
Global
	GlobalSection(SolutionConfigurationPlatforms) = preSolution
		Debug|Any CPU = Debug|Any CPU
		Release|Any CPU = Release|Any CPU
	EndGlobalSection
	GlobalSection(ProjectConfigurationPlatforms) = postSolution
		{0F0F3C69-19A8-4847-8065-F91198681329}.Debug|Any CPU.ActiveCfg = Debug|Any CPU
		{0F0F3C69-19A8-4847-8065-F91198681329}.Debug|Any CPU.Build.0 = Debug|Any CPU
		{0F0F3C69-19A8-4847-8065-F91198681329}.Release|Any CPU.ActiveCfg = Release|Any CPU
		{0F0F3C69-19A8-4847-8065-F91198681329}.Release|Any CPU.Build.0 = Release|Any CPU
	EndGlobalSection
	GlobalSection(SolutionProperties) = preSolution
		HideSolutionNode = FALSE
	EndGlobalSection
	GlobalSection(ExtensibilityGlobals) = postSolution
		SolutionGuid = {8F9EBC1D-4A39-4974-91ED-EB82FE1468D1}
	EndGlobalSection
EndGlobal
